
Microsoft Visual Studio Solution File, Format Version 12.00
# Visual Studio Version 16
VisualStudioVersion = 16.0.30611.23
MinimumVisualStudioVersion = 10.0.40219.1
Project("{FAE04EC0-301F-11D3-BF4B-00C04F79EFBC}") = "WebAppJavaJam", "WebAppJavaJam\WebAppJavaJam.csproj", "{285E9586-0FE5-4746-A668-ADA0378DABAE}"
EndProject
Global
	GlobalSection(SolutionConfigurationPlatforms) = preSolution
		Debug|Any CPU = Debug|Any CPU
		Release|Any CPU = Release|Any CPU
	EndGlobalSection
	GlobalSection(ProjectConfigurationPlatforms) = postSolution
		{285E9586-0FE5-4746-A668-ADA0378DABAE}.Debug|Any CPU.ActiveCfg = Debug|Any CPU
		{285E9586-0FE5-4746-A668-ADA0378DABAE}.Debug|Any CPU.Build.0 = Debug|Any CPU
		{285E9586-0FE5-4746-A668-ADA0378DABAE}.Release|Any CPU.ActiveCfg = Release|Any CPU
		{285E9586-0FE5-4746-A668-ADA0378DABAE}.Release|Any CPU.Build.0 = Release|Any CPU
	EndGlobalSection
	GlobalSection(SolutionProperties) = preSolution
		HideSolutionNode = FALSE
	EndGlobalSection
	GlobalSection(ExtensibilityGlobals) = postSolution
		SolutionGuid = {D466FFB9-2702-4174-89C4-A1DCA1F18D7E}
	EndGlobalSection
EndGlobal
